{
  "meteor": {},
  "dependencies": {
    "basePackages": {
      "bootstrap-3": {
        "version": "3.1.1-1"
      },
      "font-awesome": {
        "version": "4.0.3"
      },
      "npm": {
        "version": "0.2.6"
      },
      "iron-router": {
        "version": "0.7.0"
      },
      "iron-router-progress": {
        "version": "0.3.1"
      },
      "x-editable-bootstrap3": {
        "version": "1.5.2"
      },
      "bootstrap-select": {
        "version": "1.5.2"
      },
      "bootstrap-growl": {
        "version": "0.1.1"
      },
      "bootstrap3-wysihtml5": {
        "version": "0.3.3"
      }
    },
    "packages": {
      "bootstrap-3": {
        "git": "https://github.com/mangasocial/meteor-bootstrap-3.git",
        "tag": "v3.1.1-1",
        "commit": "63dd38968828bb8963636df93e9a1c45e2dfe67e"
      },
      "font-awesome": {
        "git": "https://github.com/nate-strauser/meteor-font-awesome.git",
        "tag": "v4.0.3",
        "commit": "61e9361384347547ae144f8228faa4deffda23db"
      },
      "npm": {
        "git": "https://github.com/arunoda/meteor-npm.git",
        "tag": "v0.2.6",
        "commit": "177ab6118de5bf8cffb19481343d5762ff7a2aaf"
      },
      "iron-router": {
        "git": "https://github.com/EventedMind/iron-router.git",
        "tag": "v0.7.0",
        "commit": "05f34bc48c4cad9fdaa366c1ddcabe6980232ece"
      },
      "iron-router-progress": {
        "git": "https://github.com/Multiply/iron-router-progress.git",
        "tag": "v0.3.1",
        "commit": "3f7900feb4bb70a1289b39a1fdcd1f438c0335b3"
      },
      "x-editable-bootstrap3": {
        "git": "https://github.com/JustinSGray/meteor-x-editable-bootstrap.git",
        "tag": "v1.5.2",
        "commit": "1e5e6d7bddf0b17cc6ea2fc1f50c3f9fd2cfc3f3"
      },
      "bootstrap-select": {
        "git": "https://github.com/amrali/bootstrap-select-meteor.git",
        "tag": "v1.5.2",
        "commit": "61588ec8326987ded204724d85843eb6997cfcfb"
      },
      "bootstrap-growl": {
        "git": "https://github.com/TimHeckel/meteor-bootstrap-growl.git",
        "tag": "v0.1.1",
        "commit": "674fd231a46e405f8d4eb463725d8003a02374ec"
      },
      "bootstrap3-wysihtml5": {
        "git": "https://github.com/andreioprisan/meteor-bootstrap3-wysihtml5.git",
        "tag": "v0.3.3",
        "commit": "251d564c3eb5b5b7a89a3e3e63f58633e0816332"
      },
      "blaze-layout": {
        "git": "https://github.com/EventedMind/blaze-layout.git",
        "tag": "v0.2.2",
        "commit": "8bc53798fe5965669ae67c72f91829fcfdceabfd"
      }
    }
  }
}
